
Microsoft Visual Studio Solution File, Format Version 12.00
# Visual Studio Version 17
VisualStudioVersion = 17.5.33530.505
MinimumVisualStudioVersion = 10.0.40219.1
Project("{FAE04EC0-301F-11D3-BF4B-00C04F79EFBC}") = "ado.netkeepnote", "ado.netkeepnote\ado.netkeepnote.csproj", "{2CF8390B-917C-4184-9D11-6DC5700590E5}"
EndProject
Global
	GlobalSection(SolutionConfigurationPlatforms) = preSolution
		Debug|Any CPU = Debug|Any CPU
		Release|Any CPU = Release|Any CPU
	EndGlobalSection
	GlobalSection(ProjectConfigurationPlatforms) = postSolution
		{2CF8390B-917C-4184-9D11-6DC5700590E5}.Debug|Any CPU.ActiveCfg = Debug|Any CPU
		{2CF8390B-917C-4184-9D11-6DC5700590E5}.Debug|Any CPU.Build.0 = Debug|Any CPU
		{2CF8390B-917C-4184-9D11-6DC5700590E5}.Release|Any CPU.ActiveCfg = Release|Any CPU
		{2CF8390B-917C-4184-9D11-6DC5700590E5}.Release|Any CPU.Build.0 = Release|Any CPU
	EndGlobalSection
	GlobalSection(SolutionProperties) = preSolution
		HideSolutionNode = FALSE
	EndGlobalSection
	GlobalSection(ExtensibilityGlobals) = postSolution
		SolutionGuid = {9EB1A9C6-C5AE-4F35-BED5-F222186CC8FA}
	EndGlobalSection
EndGlobal
